
Microsoft Visual Studio Solution File, Format Version 12.00
# Visual Studio Version 16
VisualStudioVersion = 16.0.31702.278
MinimumVisualStudioVersion = 10.0.40219.1
Project("{6EC3EE1D-3C4E-46DD-8F32-0CC8E7565705}") = "Incognito", "Incognito\Incognito.fsproj", "{D7835840-E6CA-4B0B-B9FE-9124CBBE1F3D}"
EndProject
Project("{54435603-DBB4-11D2-8724-00A0C9A8B90C}") = "Setup", "Setup\Setup.vdproj", "{36E77F00-AF8C-43E5-B514-AB3AD16459AF}"
EndProject
Project("{6EC3EE1D-3C4E-46DD-8F32-0CC8E7565705}") = "Test", "Test\Test.fsproj", "{BE0DB07F-BC10-43E4-91A7-0FEF0FF64D95}"
EndProject
Global
	GlobalSection(SolutionConfigurationPlatforms) = preSolution
		Debug|Any CPU = Debug|Any CPU
		Release|Any CPU = Release|Any CPU
	EndGlobalSection
	GlobalSection(ProjectConfigurationPlatforms) = postSolution
		{D7835840-E6CA-4B0B-B9FE-9124CBBE1F3D}.Debug|Any CPU.ActiveCfg = Debug|Any CPU
		{D7835840-E6CA-4B0B-B9FE-9124CBBE1F3D}.Debug|Any CPU.Build.0 = Debug|Any CPU
		{D7835840-E6CA-4B0B-B9FE-9124CBBE1F3D}.Release|Any CPU.ActiveCfg = Release|Any CPU
		{D7835840-E6CA-4B0B-B9FE-9124CBBE1F3D}.Release|Any CPU.Build.0 = Release|Any CPU
		{36E77F00-AF8C-43E5-B514-AB3AD16459AF}.Debug|Any CPU.ActiveCfg = Debug
		{36E77F00-AF8C-43E5-B514-AB3AD16459AF}.Release|Any CPU.ActiveCfg = Release
		{BE0DB07F-BC10-43E4-91A7-0FEF0FF64D95}.Debug|Any CPU.ActiveCfg = Debug|Any CPU
		{BE0DB07F-BC10-43E4-91A7-0FEF0FF64D95}.Debug|Any CPU.Build.0 = Debug|Any CPU
		{BE0DB07F-BC10-43E4-91A7-0FEF0FF64D95}.Release|Any CPU.ActiveCfg = Release|Any CPU
		{BE0DB07F-BC10-43E4-91A7-0FEF0FF64D95}.Release|Any CPU.Build.0 = Release|Any CPU
	EndGlobalSection
	GlobalSection(SolutionProperties) = preSolution
		HideSolutionNode = FALSE
	EndGlobalSection
	GlobalSection(ExtensibilityGlobals) = postSolution
		SolutionGuid = {51A929F3-EEC8-4936-A784-E3AF4B6D3AE7}
	EndGlobalSection
EndGlobal
